
Microsoft Visual Studio Solution File, Format Version 12.00
# Visual Studio Version 17
VisualStudioVersion = 17.5.002.0
MinimumVisualStudioVersion = 10.0.40219.1
Project("{9A19103F-16F7-4668-BE54-9A1E7A4F7556}") = "DesafioFundamentos", "DesafioFundamentos\DesafioFundamentos.csproj", "{3C51D936-284F-4545-B71F-A0439E5BE2BE}"
EndProject
Global
	GlobalSection(SolutionConfigurationPlatforms) = preSolution
		Debug|Any CPU = Debug|Any CPU
		Release|Any CPU = Release|Any CPU
	EndGlobalSection
	GlobalSection(ProjectConfigurationPlatforms) = postSolution
		{3C51D936-284F-4545-B71F-A0439E5BE2BE}.Debug|Any CPU.ActiveCfg = Debug|Any CPU
		{3C51D936-284F-4545-B71F-A0439E5BE2BE}.Debug|Any CPU.Build.0 = Debug|Any CPU
		{3C51D936-284F-4545-B71F-A0439E5BE2BE}.Release|Any CPU.ActiveCfg = Release|Any CPU
		{3C51D936-284F-4545-B71F-A0439E5BE2BE}.Release|Any CPU.Build.0 = Release|Any CPU
	EndGlobalSection
	GlobalSection(SolutionProperties) = preSolution
		HideSolutionNode = FALSE
	EndGlobalSection
	GlobalSection(ExtensibilityGlobals) = postSolution
		SolutionGuid = {B15DC7FB-67F2-46E9-9A51-B618168A7614}
	EndGlobalSection
EndGlobal
